
Microsoft Visual Studio Solution File, Format Version 12.00
Project("{FAE04EC0-301F-11D3-BF4B-00C04F79EFBC}") = "WebAPI", "WebAPI\WebAPI.csproj", "{D1B7435D-CA3B-4F83-B0BD-ACB104B3FC3F}"
EndProject
Project("{FAE04EC0-301F-11D3-BF4B-00C04F79EFBC}") = "WebAPI.Test", "WebAPI.Test\WebAPI.Test.csproj", "{9A18A0A0-9E61-42AE-B24A-11A34CA198D7}"
EndProject
Global
	GlobalSection(SolutionConfigurationPlatforms) = preSolution
		Debug|Any CPU = Debug|Any CPU
		Release|Any CPU = Release|Any CPU
	EndGlobalSection
	GlobalSection(ProjectConfigurationPlatforms) = postSolution
		{D1B7435D-CA3B-4F83-B0BD-ACB104B3FC3F}.Debug|Any CPU.ActiveCfg = Debug|Any CPU
		{D1B7435D-CA3B-4F83-B0BD-ACB104B3FC3F}.Debug|Any CPU.Build.0 = Debug|Any CPU
		{D1B7435D-CA3B-4F83-B0BD-ACB104B3FC3F}.Release|Any CPU.ActiveCfg = Release|Any CPU
		{D1B7435D-CA3B-4F83-B0BD-ACB104B3FC3F}.Release|Any CPU.Build.0 = Release|Any CPU
		{9A18A0A0-9E61-42AE-B24A-11A34CA198D7}.Debug|Any CPU.ActiveCfg = Debug|Any CPU
		{9A18A0A0-9E61-42AE-B24A-11A34CA198D7}.Debug|Any CPU.Build.0 = Debug|Any CPU
		{9A18A0A0-9E61-42AE-B24A-11A34CA198D7}.Release|Any CPU.ActiveCfg = Release|Any CPU
		{9A18A0A0-9E61-42AE-B24A-11A34CA198D7}.Release|Any CPU.Build.0 = Release|Any CPU
	EndGlobalSection
EndGlobal
